
Microsoft Visual Studio Solution File, Format Version 12.00
# Visual Studio 2012
Project("{FAE04EC0-301F-11D3-BF4B-00C04F79EFBC}") = "Indexer", "Indexer\Indexer.csproj", "{01DB98C0-E0A0-43F0-867F-D4038E2D69B4}"
EndProject
Project("{FAE04EC0-301F-11D3-BF4B-00C04F79EFBC}") = "Searcher", "..\Searcher\Searcher.csproj", "{691B7234-623C-46A1-BCBF-11F52DC82A35}"
EndProject
Project("{FAE04EC0-301F-11D3-BF4B-00C04F79EFBC}") = "suggestion", "suggestion\suggestion.csproj", "{4DA5A09B-F010-4615-94EB-DD4177DD8184}"
EndProject
Global
	GlobalSection(SolutionConfigurationPlatforms) = preSolution
		Debug|Any CPU = Debug|Any CPU
		Release|Any CPU = Release|Any CPU
	EndGlobalSection
	GlobalSection(ProjectConfigurationPlatforms) = postSolution
		{01DB98C0-E0A0-43F0-867F-D4038E2D69B4}.Debug|Any CPU.ActiveCfg = Debug|Any CPU
		{01DB98C0-E0A0-43F0-867F-D4038E2D69B4}.Debug|Any CPU.Build.0 = Debug|Any CPU
		{01DB98C0-E0A0-43F0-867F-D4038E2D69B4}.Release|Any CPU.ActiveCfg = Release|Any CPU
		{01DB98C0-E0A0-43F0-867F-D4038E2D69B4}.Release|Any CPU.Build.0 = Release|Any CPU
		{691B7234-623C-46A1-BCBF-11F52DC82A35}.Debug|Any CPU.ActiveCfg = Debug|Any CPU
		{691B7234-623C-46A1-BCBF-11F52DC82A35}.Debug|Any CPU.Build.0 = Debug|Any CPU
		{691B7234-623C-46A1-BCBF-11F52DC82A35}.Release|Any CPU.ActiveCfg = Release|Any CPU
		{691B7234-623C-46A1-BCBF-11F52DC82A35}.Release|Any CPU.Build.0 = Release|Any CPU
		{4DA5A09B-F010-4615-94EB-DD4177DD8184}.Debug|Any CPU.ActiveCfg = Debug|Any CPU
		{4DA5A09B-F010-4615-94EB-DD4177DD8184}.Debug|Any CPU.Build.0 = Debug|Any CPU
		{4DA5A09B-F010-4615-94EB-DD4177DD8184}.Release|Any CPU.ActiveCfg = Release|Any CPU
		{4DA5A09B-F010-4615-94EB-DD4177DD8184}.Release|Any CPU.Build.0 = Release|Any CPU
	EndGlobalSection
	GlobalSection(SolutionProperties) = preSolution
		HideSolutionNode = FALSE
	EndGlobalSection
EndGlobal
